// !$*UTF8*$!
{
	archiveVersion = 1;
	classes = {
	};
	objectVersion = 48;
	objects = {

/* Begin PBXBuildFile section */
		8417A99B203468AA00014EFC /* Vehicle.swift in Sources */ = {isa = PBXBuildFile; fileRef = 8417A99A203468AA00014EFC /* Vehicle.swift */; };
		8417A99D2035ADEB00014EFC /* AreaGridView.swift in Sources */ = {isa = PBXBuildFile; fileRef = 8417A99C2035ADEB00014EFC /* AreaGridView.swift */; };
		8429A2602035E55700C5EC40 /* Extensions.swift in Sources */ = {isa = PBXBuildFile; fileRef = 8429A25F2035E55700C5EC40 /* Extensions.swift */; };
		8430F74B20356F8100FD7772 /* AppDelegate.swift in Sources */ = {isa = PBXBuildFile; fileRef = 8430F74A20356F8100FD7772 /* AppDelegate.swift */; };
		8430F74D20356F8100FD7772 /* ViewController.swift in Sources */ = {isa = PBXBuildFile; fileRef = 8430F74C20356F8100FD7772 /* ViewController.swift */; };
		8430F75020356F8100FD7772 /* Main.storyboard in Resources */ = {isa = PBXBuildFile; fileRef = 8430F74E20356F8100FD7772 /* Main.storyboard */; };
		8430F75220356F8100FD7772 /* Assets.xcassets in Resources */ = {isa = PBXBuildFile; fileRef = 8430F75120356F8100FD7772 /* Assets.xcassets */; };
		8430F75520356F8100FD7772 /* LaunchScreen.storyboard in Resources */ = {isa = PBXBuildFile; fileRef = 8430F75320356F8100FD7772 /* LaunchScreen.storyboard */; };
/* End PBXBuildFile section */

/* Begin PBXFileReference section */
		840D62732036D329001D798C /* Car Location.app */ = {isa = PBXFileReference; explicitFileType = wrapper.application; includeInIndex = 0; path = "Car Location.app"; sourceTree = BUILT_PRODUCTS_DIR; };
		8417A99A203468AA00014EFC /* Vehicle.swift */ = {isa = PBXFileReference; lastKnownFileType = sourcecode.swift; path = Vehicle.swift; sourceTree = "<group>"; };
		8417A99C2035ADEB00014EFC /* AreaGridView.swift */ = {isa = PBXFileReference; lastKnownFileType = sourcecode.swift; path = AreaGridView.swift; sourceTree = "<group>"; };
		8429A25F2035E55700C5EC40 /* Extensions.swift */ = {isa = PBXFileReference; lastKnownFileType = sourcecode.swift; path = Extensions.swift; sourceTree = "<group>"; };
		8430F74A20356F8100FD7772 /* AppDelegate.swift */ = {isa = PBXFileReference; lastKnownFileType = sourcecode.swift; path = AppDelegate.swift; sourceTree = "<group>"; };
		8430F74C20356F8100FD7772 /* ViewController.swift */ = {isa = PBXFileReference; lastKnownFileType = sourcecode.swift; path = ViewController.swift; sourceTree = "<group>"; };
		8430F74F20356F8100FD7772 /* Base */ = {isa = PBXFileReference; lastKnownFileType = file.storyboard; name = Base; path = Base.lproj/Main.storyboard; sourceTree = "<group>"; };
		8430F75120356F8100FD7772 /* Assets.xcassets */ = {isa = PBXFileReference; lastKnownFileType = folder.assetcatalog; path = Assets.xcassets; sourceTree = "<group>"; };
		8430F75420356F8100FD7772 /* Base */ = {isa = PBXFileReference; lastKnownFileType = file.storyboard; name = Base; path = Base.lproj/LaunchScreen.storyboard; sourceTree = "<group>"; };
		8430F75620356F8100FD7772 /* Info.plist */ = {isa = PBXFileReference; lastKnownFileType = text.plist.xml; path = Info.plist; sourceTree = "<group>"; };
/* End PBXFileReference section */

/* Begin PBXFrameworksBuildPhase section */
		8430F74420356F8100FD7772 /* Frameworks */ = {
			isa = PBXFrameworksBuildPhase;
			buildActionMask = 2147483647;
			files = (
			);
			runOnlyForDeploymentPostprocessing = 0;
		};
/* End PBXFrameworksBuildPhase section */

/* Begin PBXGroup section */
		8429A25C2035D19800C5EC40 /* Model */ = {
			isa = PBXGroup;
			children = (
				8417A99A203468AA00014EFC /* Vehicle.swift */,
			);
			path = Model;
			sourceTree = "<group>";
		};
		8429A25D2035D1AC00C5EC40 /* Views */ = {
			isa = PBXGroup;
			children = (
				8417A99C2035ADEB00014EFC /* AreaGridView.swift */,
			);
			path = Views;
			sourceTree = "<group>";
		};
		8429A25E2035D1C400C5EC40 /* Controllers */ = {
			isa = PBXGroup;
			children = (
				8430F74C20356F8100FD7772 /* ViewController.swift */,
			);
			path = Controllers;
			sourceTree = "<group>";
		};
		8430F73E20356F8000FD7772 = {
			isa = PBXGroup;
			children = (
				8430F74920356F8100FD7772 /* Car Location */,
				840D62732036D329001D798C /* Car Location.app */,
			);
			sourceTree = "<group>";
		};
		8430F74920356F8100FD7772 /* Car Location */ = {
			isa = PBXGroup;
			children = (
				8429A25E2035D1C400C5EC40 /* Controllers */,
				8429A25D2035D1AC00C5EC40 /* Views */,
				8429A25C2035D19800C5EC40 /* Model */,
				8430F74A20356F8100FD7772 /* AppDelegate.swift */,
				8430F74E20356F8100FD7772 /* Main.storyboard */,
				8430F75120356F8100FD7772 /* Assets.xcassets */,
				8430F75320356F8100FD7772 /* LaunchScreen.storyboard */,
				8430F75620356F8100FD7772 /* Info.plist */,
				8429A25F2035E55700C5EC40 /* Extensions.swift */,
			);
			path = "Car Location";
			sourceTree = "<group>";
		};
/* End PBXGroup section */

/* Begin PBXNativeTarget section */
		8430F74620356F8100FD7772 /* Car Location */ = {
			isa = PBXNativeTarget;
			buildConfigurationList = 8430F75920356F8100FD7772 /* Build configuration list for PBXNativeTarget "Car Location" */;
			buildPhases = (
				8430F74320356F8100FD7772 /* Sources */,
				8430F74420356F8100FD7772 /* Frameworks */,
				8430F74520356F8100FD7772 /* Resources */,
			);
			buildRules = (
			);
			dependencies = (
			);
			name = "Car Location";
			productName = "Car Location";
			productReference = 840D62732036D329001D798C /* Car Location.app */;
			productType = "com.apple.product-type.application";
		};
/* End PBXNativeTarget section */

/* Begin PBXProject section */
		8430F73F20356F8000FD7772 /* Project object */ = {
			isa = PBXProject;
			attributes = {
				LastSwiftUpdateCheck = 0920;
				LastUpgradeCheck = 0920;
				ORGANIZATIONNAME = "Andrew Nemtsev";
				TargetAttributes = {
					8430F74620356F8100FD7772 = {
						CreatedOnToolsVersion = 9.2;
						ProvisioningStyle = Automatic;
					};
				};
			};
			buildConfigurationList = 8430F74220356F8000FD7772 /* Build configuration list for PBXProject "Car Location" */;
			compatibilityVersion = "Xcode 8.0";
			developmentRegion = en;
			hasScannedForEncodings = 0;
			knownRegions = (
				en,
				Base,
			);
			mainGroup = 8430F73E20356F8000FD7772;
			productRefGroup = 8430F73E20356F8000FD7772;
			projectDirPath = "";
			projectRoot = "";
			targets = (
				8430F74620356F8100FD7772 /* Car Location */,
			);
		};
/* End PBXProject section */

/* Begin PBXResourcesBuildPhase section */
		8430F74520356F8100FD7772 /* Resources */ = {
			isa = PBXResourcesBuildPhase;
			buildActionMask = 2147483647;
			files = (
				8430F75520356F8100FD7772 /* LaunchScreen.storyboard in Resources */,
				8430F75220356F8100FD7772 /* Assets.xcassets in Resources */,
				8430F75020356F8100FD7772 /* Main.storyboard in Resources */,
			);
			runOnlyForDeploymentPostprocessing = 0;
		};
/* End PBXResourcesBuildPhase section */

/* Begin PBXSourcesBuildPhase section */
		8430F74320356F8100FD7772 /* Sources */ = {
			isa = PBXSourcesBuildPhase;
			buildActionMask = 2147483647;
			files = (
				8429A2602035E55700C5EC40 /* Extensions.swift in Sources */,
				8417A99B203468AA00014EFC /* Vehicle.swift in Sources */,
				8430F74D20356F8100FD7772 /* ViewController.swift in Sources */,
				8430F74B20356F8100FD7772 /* AppDelegate.swift in Sources */,
				8417A99D2035ADEB00014EFC /* AreaGridView.swift in Sources */,
			);
			runOnlyForDeploymentPostprocessing = 0;
		};
/* End PBXSourcesBuildPhase section */

/* Begin PBXVariantGroup section */
		8430F74E20356F8100FD7772 /* Main.storyboard */ = {
			isa = PBXVariantGroup;
			children = (
				8430F74F20356F8100FD7772 /* Base */,
			);
			name = Main.storyboard;
			sourceTree = "<group>";
		};
		8430F75320356F8100FD7772 /* LaunchScreen.storyboard */ = {
			isa = PBXVariantGroup;
			children = (
				8430F75420356F8100FD7772 /* Base */,
			);
			name = LaunchScreen.storyboard;
			sourceTree = "<group>";
		};
/* End PBXVariantGroup section */

/* Begin XCBuildConfiguration section */
		8430F75720356F8100FD7772 /* Debug */ = {
			isa = XCBuildConfiguration;
			buildSettings = {
				ALWAYS_SEARCH_USER_PATHS = NO;
				CLANG_ANALYZER_NONNULL = YES;
				CLANG_ANALYZER_NUMBER_OBJECT_CONVERSION = YES_AGGRESSIVE;
				CLANG_CXX_LANGUAGE_STANDARD = "gnu++14";
				CLANG_CXX_LIBRARY = "libc++";
				CLANG_ENABLE_MODULES = YES;
				CLANG_ENABLE_OBJC_ARC = YES;
				CLANG_WARN_BLOCK_CAPTURE_AUTORELEASING = YES;
				CLANG_WARN_BOOL_CONVERSION = YES;
				CLANG_WARN_COMMA = YES;
				CLANG_WARN_CONSTANT_CONVERSION = YES;
				CLANG_WARN_DIRECT_OBJC_ISA_USAGE = YES_ERROR;
				CLANG_WARN_DOCUMENTATION_COMMENTS = YES;
				CLANG_WARN_EMPTY_BODY = YES;
				CLANG_WARN_ENUM_CONVERSION = YES;
				CLANG_WARN_INFINITE_RECURSION = YES;
				CLANG_WARN_INT_CONVERSION = YES;
				CLANG_WARN_NON_LITERAL_NULL_CONVERSION = YES;
				CLANG_WARN_OBJC_LITERAL_CONVERSION = YES;
				CLANG_WARN_OBJC_ROOT_CLASS = YES_ERROR;
				CLANG_WARN_RANGE_LOOP_ANALYSIS = YES;
				CLANG_WARN_STRICT_PROTOTYPES = YES;
				CLANG_WARN_SUSPICIOUS_MOVE = YES;
				CLANG_WARN_UNGUARDED_AVAILABILITY = YES_AGGRESSIVE;
				CLANG_WARN_UNREACHABLE_CODE = YES;
				CLANG_WARN__DUPLICATE_METHOD_MATCH = YES;
				CODE_SIGN_IDENTITY = "iPhone Developer";
				COPY_PHASE_STRIP = NO;
				DEBUG_INFORMATION_FORMAT = dwarf;
				ENABLE_STRICT_OBJC_MSGSEND = YES;
				ENABLE_TESTABILITY = YES;
				GCC_C_LANGUAGE_STANDARD = gnu11;
				GCC_DYNAMIC_NO_PIC = NO;
				GCC_NO_COMMON_BLOCKS = YES;
				GCC_OPTIMIZATION_LEVEL = 0;
				GCC_PREPROCESSOR_DEFINITIONS = (
					"DEBUG=1",
					"$(inherited)",
				);
				GCC_WARN_64_TO_32_BIT_CONVERSION = YES;
				GCC_WARN_ABOUT_RETURN_TYPE = YES_ERROR;
				GCC_WARN_UNDECLARED_SELECTOR = YES;
				GCC_WARN_UNINITIALIZED_AUTOS = YES_AGGRESSIVE;
				GCC_WARN_UNUSED_FUNCTION = YES;
				GCC_WARN_UNUSED_VARIABLE = YES;
				IPHONEOS_DEPLOYMENT_TARGET = 11.2;
				MTL_ENABLE_DEBUG_INFO = YES;
				ONLY_ACTIVE_ARCH = YES;
				SDKROOT = iphoneos;
				SWIFT_ACTIVE_COMPILATION_CONDITIONS = DEBUG;
				SWIFT_OPTIMIZATION_LEVEL = "-Onone";
			};
			name = Debug;
		};
		8430F75820356F8100FD7772 /* Release */ = {
			isa = XCBuildConfiguration;
			buildSettings = {
				ALWAYS_SEARCH_USER_PATHS = NO;
				CLANG_ANALYZER_NONNULL = YES;
				CLANG_ANALYZER_NUMBER_OBJECT_CONVERSION = YES_AGGRESSIVE;
				CLANG_CXX_LANGUAGE_STANDARD = "gnu++14";
				CLANG_CXX_LIBRARY = "libc++";
				CLANG_ENABLE_MODULES = YES;
				CLANG_ENABLE_OBJC_ARC = YES;
				CLANG_WARN_BLOCK_CAPTURE_AUTORELEASING = YES;
				CLANG_WARN_BOOL_CONVERSION = YES;
				CLANG_WARN_COMMA = YES;
				CLANG_WARN_CONSTANT_CONVERSION = YES;
				CLANG_WARN_DIRECT_OBJC_ISA_USAGE = YES_ERROR;
				CLANG_WARN_DOCUMENTATION_COMMENTS = YES;
				CLANG_WARN_EMPTY_BODY = YES;
				CLANG_WARN_ENUM_CONVERSION = YES;
				CLANG_WARN_INFINITE_RECURSION = YES;
				CLANG_WARN_INT_CONVERSION = YES;
				CLANG_WARN_NON_LITERAL_NULL_CONVERSION = YES;
				CLANG_WARN_OBJC_LITERAL_CONVERSION = YES;
				CLANG_WARN_OBJC_ROOT_CLASS = YES_ERROR;
				CLANG_WARN_RANGE_LOOP_ANALYSIS = YES;
				CLANG_WARN_STRICT_PROTOTYPES = YES;
				CLANG_WARN_SUSPICIOUS_MOVE = YES;
				CLANG_WARN_UNGUARDED_AVAILABILITY = YES_AGGRESSIVE;
				CLANG_WARN_UNREACHABLE_CODE = YES;
				CLANG_WARN__DUPLICATE_METHOD_MATCH = YES;
				CODE_SIGN_IDENTITY = "iPhone Developer";
				COPY_PHASE_STRIP = NO;
				DEBUG_INFORMATION_FORMAT = "dwarf-with-dsym";
				ENABLE_NS_ASSERTIONS = NO;
				ENABLE_STRICT_OBJC_MSGSEND = YES;
				GCC_C_LANGUAGE_STANDARD = gnu11;
				GCC_NO_COMMON_BLOCKS = YES;
				GCC_WARN_64_TO_32_BIT_CONVERSION = YES;
				GCC_WARN_ABOUT_RETURN_TYPE = YES_ERROR;
				GCC_WARN_UNDECLARED_SELECTOR = YES;
				GCC_WARN_UNINITIALIZED_AUTOS = YES_AGGRESSIVE;
				GCC_WARN_UNUSED_FUNCTION = YES;
				GCC_WARN_UNUSED_VARIABLE = YES;
				IPHONEOS_DEPLOYMENT_TARGET = 11.2;
				MTL_ENABLE_DEBUG_INFO = NO;
				SDKROOT = iphoneos;
				SWIFT_OPTIMIZATION_LEVEL = "-Owholemodule";
				VALIDATE_PRODUCT = YES;
			};
			name = Release;
		};
		8430F75A20356F8100FD7772 /* Debug */ = {
			isa = XCBuildConfiguration;
			buildSettings = {
				ASSETCATALOG_COMPILER_APPICON_NAME = AppIcon;
				CODE_SIGN_STYLE = Automatic;
				DEVELOPMENT_TEAM = X45HL93K7U;
				INFOPLIST_FILE = "Car Location/Info.plist";
				IPHONEOS_DEPLOYMENT_TARGET = 10.0;
				LD_RUNPATH_SEARCH_PATHS = "$(inherited) @executable_path/Frameworks";
				PRODUCT_BUNDLE_IDENTIFIER = "com.usetech.car-location";
				PRODUCT_NAME = "$(TARGET_NAME)";
				SWIFT_VERSION = 4.0;
				TARGETED_DEVICE_FAMILY = 1;
			};
			name = Debug;
		};
		8430F75B20356F8100FD7772 /* Release */ = {
			isa = XCBuildConfiguration;
			buildSettings = {
				ASSETCATALOG_COMPILER_APPICON_NAME = AppIcon;
				CODE_SIGN_STYLE = Automatic;
				DEVELOPMENT_TEAM = X45HL93K7U;
				INFOPLIST_FILE = "Car Location/Info.plist";
				IPHONEOS_DEPLOYMENT_TARGET = 10.0;
				LD_RUNPATH_SEARCH_PATHS = "$(inherited) @executable_path/Frameworks";
				PRODUCT_BUNDLE_IDENTIFIER = "com.usetech.car-location";
				PRODUCT_NAME = "$(TARGET_NAME)";
				SWIFT_VERSION = 4.0;
				TARGETED_DEVICE_FAMILY = 1;
			};
			name = Release;
		};
/* End XCBuildConfiguration section */

/* Begin XCConfigurationList section */
		8430F74220356F8000FD7772 /* Build configuration list for PBXProject "Car Location" */ = {
			isa = XCConfigurationList;
			buildConfigurations = (
				8430F75720356F8100FD7772 /* Debug */,
				8430F75820356F8100FD7772 /* Release */,
			);
			defaultConfigurationIsVisible = 0;
			defaultConfigurationName = Release;
		};
		8430F75920356F8100FD7772 /* Build configuration list for PBXNativeTarget "Car Location" */ = {
			isa = XCConfigurationList;
			buildConfigurations = (
				8430F75A20356F8100FD7772 /* Debug */,
				8430F75B20356F8100FD7772 /* Release */,
			);
			defaultConfigurationIsVisible = 0;
			defaultConfigurationName = Release;
		};
/* End XCConfigurationList section */
	};
	rootObject = 8430F73F20356F8000FD7772 /* Project object */;
}
